{
  "name": "workbox-broadcast-update",
  "version": "5.0.0",
  "lockfileVersion": 1,
  "requires": true,
  "dependencies": {
    "workbox-core": {
      "version": "5.1.4",
      "resolved": "https://registry.npmjs.org/workbox-core/-/workbox-core-5.1.4.tgz",
      "integrity": "sha512-+4iRQan/1D8I81nR2L5vcbaaFskZC2CL17TLbvWVzQ4qiF/ytOGF6XeV54pVxAvKUtkLANhk8TyIUMtiMw2oDg=="
    }
  }
}
